
Microsoft Visual Studio Solution File, Format Version 12.00
# Visual Studio Version 17
VisualStudioVersion = 17.6.33815.320
MinimumVisualStudioVersion = 10.0.40219.1
Project("{FAE04EC0-301F-11D3-BF4B-00C04F79EFBC}") = "IisLogRotator", "IisLogRotator.csproj", "{AC5644F5-F491-4E67-BD18-0B5BCC9A1198}"
EndProject
Global
	GlobalSection(SolutionConfigurationPlatforms) = preSolution
		Debug|Any CPU = Debug|Any CPU
		Release|Any CPU = Release|Any CPU
	EndGlobalSection
	GlobalSection(ProjectConfigurationPlatforms) = postSolution
		{AC5644F5-F491-4E67-BD18-0B5BCC9A1198}.Debug|Any CPU.ActiveCfg = Debug|Any CPU
		{AC5644F5-F491-4E67-BD18-0B5BCC9A1198}.Debug|Any CPU.Build.0 = Debug|Any CPU
		{AC5644F5-F491-4E67-BD18-0B5BCC9A1198}.Release|Any CPU.ActiveCfg = Release|Any CPU
		{AC5644F5-F491-4E67-BD18-0B5BCC9A1198}.Release|Any CPU.Build.0 = Release|Any CPU
	EndGlobalSection
	GlobalSection(SolutionProperties) = preSolution
		HideSolutionNode = FALSE
	EndGlobalSection
EndGlobal
