
Microsoft Visual Studio Solution File, Format Version 11.00
# Visual Studio 2010
Project("{FAE04EC0-301F-11D3-BF4B-00C04F79EFBC}") = "LogRotator", "LogRotator.csproj", "{AC5644F5-F491-4E67-BD18-0B5BCC9A1198}"
EndProject
Global
	GlobalSection(SolutionConfigurationPlatforms) = preSolution
		Debug|Any CPU = Debug|Any CPU
		Release|Any CPU = Release|Any CPU
		Remote Debug (ROVMS502)|Any CPU = Remote Debug (ROVMS502)|Any CPU
	EndGlobalSection
	GlobalSection(ProjectConfigurationPlatforms) = postSolution
		{AC5644F5-F491-4E67-BD18-0B5BCC9A1198}.Debug|Any CPU.ActiveCfg = Debug|Any CPU
		{AC5644F5-F491-4E67-BD18-0B5BCC9A1198}.Debug|Any CPU.Build.0 = Debug|Any CPU
		{AC5644F5-F491-4E67-BD18-0B5BCC9A1198}.Release|Any CPU.ActiveCfg = Release|Any CPU
		{AC5644F5-F491-4E67-BD18-0B5BCC9A1198}.Release|Any CPU.Build.0 = Release|Any CPU
		{AC5644F5-F491-4E67-BD18-0B5BCC9A1198}.Remote Debug (ROVMS502)|Any CPU.ActiveCfg = Remote Debug (ROVMS502)|Any CPU
		{AC5644F5-F491-4E67-BD18-0B5BCC9A1198}.Remote Debug (ROVMS502)|Any CPU.Build.0 = Remote Debug (ROVMS502)|Any CPU
	EndGlobalSection
	GlobalSection(SolutionProperties) = preSolution
		HideSolutionNode = FALSE
	EndGlobalSection
EndGlobal
